
Microsoft Visual Studio Solution File, Format Version 12.00
# Visual Studio 15
VisualStudioVersion = 15.0.28307.902
MinimumVisualStudioVersion = 10.0.40219.1
Project("{FAE04EC0-301F-11D3-BF4B-00C04F79EFBC}") = "RestAPI", "RestAPI\RestAPI.csproj", "{D67A75EE-7EE2-464A-853E-FD8115B10517}"
EndProject
Global
	GlobalSection(SolutionConfigurationPlatforms) = preSolution
		Debug|Any CPU = Debug|Any CPU
		Release|Any CPU = Release|Any CPU
	EndGlobalSection
	GlobalSection(ProjectConfigurationPlatforms) = postSolution
		{D67A75EE-7EE2-464A-853E-FD8115B10517}.Debug|Any CPU.ActiveCfg = Debug|Any CPU
		{D67A75EE-7EE2-464A-853E-FD8115B10517}.Debug|Any CPU.Build.0 = Debug|Any CPU
		{D67A75EE-7EE2-464A-853E-FD8115B10517}.Release|Any CPU.ActiveCfg = Release|Any CPU
		{D67A75EE-7EE2-464A-853E-FD8115B10517}.Release|Any CPU.Build.0 = Release|Any CPU
	EndGlobalSection
	GlobalSection(SolutionProperties) = preSolution
		HideSolutionNode = FALSE
	EndGlobalSection
	GlobalSection(ExtensibilityGlobals) = postSolution
		SolutionGuid = {704DF538-2A02-4DBE-A650-315DF5D4F886}
	EndGlobalSection
EndGlobal
